
Microsoft Visual Studio Solution File, Format Version 12.00
# Visual Studio 2012
Project("{FAE04EC0-301F-11D3-BF4B-00C04F79EFBC}") = "AsciiArtGenerator", "AsciiArtGenerator.csproj", "{B93D7A7B-55AC-45C7-B284-7DB84E754DF0}"
EndProject
Global
	GlobalSection(SolutionConfigurationPlatforms) = preSolution
		Debug|Any CPU = Debug|Any CPU
		Release|Any CPU = Release|Any CPU
	EndGlobalSection
	GlobalSection(ProjectConfigurationPlatforms) = postSolution
		{B93D7A7B-55AC-45C7-B284-7DB84E754DF0}.Debug|Any CPU.ActiveCfg = Debug|Any CPU
		{B93D7A7B-55AC-45C7-B284-7DB84E754DF0}.Debug|Any CPU.Build.0 = Debug|Any CPU
		{B93D7A7B-55AC-45C7-B284-7DB84E754DF0}.Release|Any CPU.ActiveCfg = Release|Any CPU
		{B93D7A7B-55AC-45C7-B284-7DB84E754DF0}.Release|Any CPU.Build.0 = Release|Any CPU
	EndGlobalSection
	GlobalSection(SolutionProperties) = preSolution
		HideSolutionNode = FALSE
	EndGlobalSection
EndGlobal
